
Microsoft Visual Studio Solution File, Format Version 12.00
# Visual Studio Version 17
VisualStudioVersion = 17.9.34616.47
MinimumVisualStudioVersion = 10.0.40219.1
Project("{FAE04EC0-301F-11D3-BF4B-00C04F79EFBC}") = "Mod14FinPractice", "Mod14FinPractice\Mod14FinPractice.csproj", "{598DFF9C-A91B-44CE-B018-00000A524AD4}"
EndProject
Global
	GlobalSection(SolutionConfigurationPlatforms) = preSolution
		Debug|Any CPU = Debug|Any CPU
		Release|Any CPU = Release|Any CPU
	EndGlobalSection
	GlobalSection(ProjectConfigurationPlatforms) = postSolution
		{598DFF9C-A91B-44CE-B018-00000A524AD4}.Debug|Any CPU.ActiveCfg = Debug|Any CPU
		{598DFF9C-A91B-44CE-B018-00000A524AD4}.Debug|Any CPU.Build.0 = Debug|Any CPU
		{598DFF9C-A91B-44CE-B018-00000A524AD4}.Release|Any CPU.ActiveCfg = Release|Any CPU
		{598DFF9C-A91B-44CE-B018-00000A524AD4}.Release|Any CPU.Build.0 = Release|Any CPU
	EndGlobalSection
	GlobalSection(SolutionProperties) = preSolution
		HideSolutionNode = FALSE
	EndGlobalSection
	GlobalSection(ExtensibilityGlobals) = postSolution
		SolutionGuid = {5892A56B-FD35-456B-9FDC-A3477C32CAF8}
	EndGlobalSection
EndGlobal
